// !$*UTF8*$!
{
	archiveVersion = 1;
	classes = {
	};
	objectVersion = 46;
	objects = {

/* Begin PBXBuildFile section */
		0E4B332E197043F90066AB0A /* AppDelegate.swift in Sources */ = {isa = PBXBuildFile; fileRef = 0E4B332D197043F90066AB0A /* AppDelegate.swift */; };
		0E4B3330197043F90066AB0A /* ViewController.swift in Sources */ = {isa = PBXBuildFile; fileRef = 0E4B332F197043F90066AB0A /* ViewController.swift */; };
		0E4B3333197043F90066AB0A /* Main.storyboard in Resources */ = {isa = PBXBuildFile; fileRef = 0E4B3331197043F90066AB0A /* Main.storyboard */; };
		0E4B3335197043F90066AB0A /* Images.xcassets in Resources */ = {isa = PBXBuildFile; fileRef = 0E4B3334197043F90066AB0A /* Images.xcassets */; };
		0E4B3341197043F90066AB0A /* Rock_BoxTests.swift in Sources */ = {isa = PBXBuildFile; fileRef = 0E4B3340197043F90066AB0A /* Rock_BoxTests.swift */; };
/* End PBXBuildFile section */

/* Begin PBXContainerItemProxy section */
		0E4B333B197043F90066AB0A /* PBXContainerItemProxy */ = {
			isa = PBXContainerItemProxy;
			containerPortal = 0E4B3320197043F90066AB0A /* Project object */;
			proxyType = 1;
			remoteGlobalIDString = 0E4B3327197043F90066AB0A;
			remoteInfo = "Rock Box";
		};
/* End PBXContainerItemProxy section */

/* Begin PBXFileReference section */
		0E4B3328197043F90066AB0A /* Rock Box.app */ = {isa = PBXFileReference; explicitFileType = wrapper.application; includeInIndex = 0; path = "Rock Box.app"; sourceTree = BUILT_PRODUCTS_DIR; };
		0E4B332C197043F90066AB0A /* Info.plist */ = {isa = PBXFileReference; lastKnownFileType = text.plist.xml; path = Info.plist; sourceTree = "<group>"; };
		0E4B332D197043F90066AB0A /* AppDelegate.swift */ = {isa = PBXFileReference; lastKnownFileType = sourcecode.swift; path = AppDelegate.swift; sourceTree = "<group>"; };
		0E4B332F197043F90066AB0A /* ViewController.swift */ = {isa = PBXFileReference; lastKnownFileType = sourcecode.swift; path = ViewController.swift; sourceTree = "<group>"; };
		0E4B3332197043F90066AB0A /* Base */ = {isa = PBXFileReference; lastKnownFileType = file.storyboard; name = Base; path = Base.lproj/Main.storyboard; sourceTree = "<group>"; };
		0E4B3334197043F90066AB0A /* Images.xcassets */ = {isa = PBXFileReference; lastKnownFileType = folder.assetcatalog; path = Images.xcassets; sourceTree = "<group>"; };
		0E4B333A197043F90066AB0A /* Rock BoxTests.xctest */ = {isa = PBXFileReference; explicitFileType = wrapper.cfbundle; includeInIndex = 0; path = "Rock BoxTests.xctest"; sourceTree = BUILT_PRODUCTS_DIR; };
		0E4B333F197043F90066AB0A /* Info.plist */ = {isa = PBXFileReference; lastKnownFileType = text.plist.xml; path = Info.plist; sourceTree = "<group>"; };
		0E4B3340197043F90066AB0A /* Rock_BoxTests.swift */ = {isa = PBXFileReference; lastKnownFileType = sourcecode.swift; path = Rock_BoxTests.swift; sourceTree = "<group>"; };
/* End PBXFileReference section */

/* Begin PBXFrameworksBuildPhase section */
		0E4B3325197043F90066AB0A /* Frameworks */ = {
			isa = PBXFrameworksBuildPhase;
			buildActionMask = 2147483647;
			files = (
			);
			runOnlyForDeploymentPostprocessing = 0;
		};
		0E4B3337197043F90066AB0A /* Frameworks */ = {
			isa = PBXFrameworksBuildPhase;
			buildActionMask = 2147483647;
			files = (
			);
			runOnlyForDeploymentPostprocessing = 0;
		};
/* End PBXFrameworksBuildPhase section */

/* Begin PBXGroup section */
		0E4B331F197043F90066AB0A = {
			isa = PBXGroup;
			children = (
				0E4B332A197043F90066AB0A /* Rock Box */,
				0E4B333D197043F90066AB0A /* Rock BoxTests */,
				0E4B3329197043F90066AB0A /* Products */,
			);
			sourceTree = "<group>";
		};
		0E4B3329197043F90066AB0A /* Products */ = {
			isa = PBXGroup;
			children = (
				0E4B3328197043F90066AB0A /* Rock Box.app */,
				0E4B333A197043F90066AB0A /* Rock BoxTests.xctest */,
			);
			name = Products;
			sourceTree = "<group>";
		};
		0E4B332A197043F90066AB0A /* Rock Box */ = {
			isa = PBXGroup;
			children = (
				0E4B332D197043F90066AB0A /* AppDelegate.swift */,
				0E4B332F197043F90066AB0A /* ViewController.swift */,
				0E4B3331197043F90066AB0A /* Main.storyboard */,
				0E4B3334197043F90066AB0A /* Images.xcassets */,
				0E4B332B197043F90066AB0A /* Supporting Files */,
			);
			path = "Rock Box";
			sourceTree = "<group>";
		};
		0E4B332B197043F90066AB0A /* Supporting Files */ = {
			isa = PBXGroup;
			children = (
				0E4B332C197043F90066AB0A /* Info.plist */,
			);
			name = "Supporting Files";
			sourceTree = "<group>";
		};
		0E4B333D197043F90066AB0A /* Rock BoxTests */ = {
			isa = PBXGroup;
			children = (
				0E4B3340197043F90066AB0A /* Rock_BoxTests.swift */,
				0E4B333E197043F90066AB0A /* Supporting Files */,
			);
			path = "Rock BoxTests";
			sourceTree = "<group>";
		};
		0E4B333E197043F90066AB0A /* Supporting Files */ = {
			isa = PBXGroup;
			children = (
				0E4B333F197043F90066AB0A /* Info.plist */,
			);
			name = "Supporting Files";
			sourceTree = "<group>";
		};
/* End PBXGroup section */

/* Begin PBXNativeTarget section */
		0E4B3327197043F90066AB0A /* Rock Box */ = {
			isa = PBXNativeTarget;
			buildConfigurationList = 0E4B3344197043F90066AB0A /* Build configuration list for PBXNativeTarget "Rock Box" */;
			buildPhases = (
				0E4B3324197043F90066AB0A /* Sources */,
				0E4B3325197043F90066AB0A /* Frameworks */,
				0E4B3326197043F90066AB0A /* Resources */,
			);
			buildRules = (
			);
			dependencies = (
			);
			name = "Rock Box";
			productName = "Rock Box";
			productReference = 0E4B3328197043F90066AB0A /* Rock Box.app */;
			productType = "com.apple.product-type.application";
		};
		0E4B3339197043F90066AB0A /* Rock BoxTests */ = {
			isa = PBXNativeTarget;
			buildConfigurationList = 0E4B3347197043F90066AB0A /* Build configuration list for PBXNativeTarget "Rock BoxTests" */;
			buildPhases = (
				0E4B3336197043F90066AB0A /* Sources */,
				0E4B3337197043F90066AB0A /* Frameworks */,
				0E4B3338197043F90066AB0A /* Resources */,
			);
			buildRules = (
			);
			dependencies = (
				0E4B333C197043F90066AB0A /* PBXTargetDependency */,
			);
			name = "Rock BoxTests";
			productName = "Rock BoxTests";
			productReference = 0E4B333A197043F90066AB0A /* Rock BoxTests.xctest */;
			productType = "com.apple.product-type.bundle.unit-test";
		};
/* End PBXNativeTarget section */

/* Begin PBXProject section */
		0E4B3320197043F90066AB0A /* Project object */ = {
			isa = PBXProject;
			attributes = {
				LastUpgradeCheck = 0600;
				ORGANIZATIONNAME = "Big Nerd Ranch";
				TargetAttributes = {
					0E4B3327197043F90066AB0A = {
						CreatedOnToolsVersion = 6.0;
					};
					0E4B3339197043F90066AB0A = {
						CreatedOnToolsVersion = 6.0;
						TestTargetID = 0E4B3327197043F90066AB0A;
					};
				};
			};
			buildConfigurationList = 0E4B3323197043F90066AB0A /* Build configuration list for PBXProject "Rock Box" */;
			compatibilityVersion = "Xcode 3.2";
			developmentRegion = English;
			hasScannedForEncodings = 0;
			knownRegions = (
				en,
				Base,
			);
			mainGroup = 0E4B331F197043F90066AB0A;
			productRefGroup = 0E4B3329197043F90066AB0A /* Products */;
			projectDirPath = "";
			projectRoot = "";
			targets = (
				0E4B3327197043F90066AB0A /* Rock Box */,
				0E4B3339197043F90066AB0A /* Rock BoxTests */,
			);
		};
/* End PBXProject section */

/* Begin PBXResourcesBuildPhase section */
		0E4B3326197043F90066AB0A /* Resources */ = {
			isa = PBXResourcesBuildPhase;
			buildActionMask = 2147483647;
			files = (
				0E4B3333197043F90066AB0A /* Main.storyboard in Resources */,
				0E4B3335197043F90066AB0A /* Images.xcassets in Resources */,
			);
			runOnlyForDeploymentPostprocessing = 0;
		};
		0E4B3338197043F90066AB0A /* Resources */ = {
			isa = PBXResourcesBuildPhase;
			buildActionMask = 2147483647;
			files = (
			);
			runOnlyForDeploymentPostprocessing = 0;
		};
/* End PBXResourcesBuildPhase section */

/* Begin PBXSourcesBuildPhase section */
		0E4B3324197043F90066AB0A /* Sources */ = {
			isa = PBXSourcesBuildPhase;
			buildActionMask = 2147483647;
			files = (
				0E4B3330197043F90066AB0A /* ViewController.swift in Sources */,
				0E4B332E197043F90066AB0A /* AppDelegate.swift in Sources */,
			);
			runOnlyForDeploymentPostprocessing = 0;
		};
		0E4B3336197043F90066AB0A /* Sources */ = {
			isa = PBXSourcesBuildPhase;
			buildActionMask = 2147483647;
			files = (
				0E4B3341197043F90066AB0A /* Rock_BoxTests.swift in Sources */,
			);
			runOnlyForDeploymentPostprocessing = 0;
		};
/* End PBXSourcesBuildPhase section */

/* Begin PBXTargetDependency section */
		0E4B333C197043F90066AB0A /* PBXTargetDependency */ = {
			isa = PBXTargetDependency;
			target = 0E4B3327197043F90066AB0A /* Rock Box */;
			targetProxy = 0E4B333B197043F90066AB0A /* PBXContainerItemProxy */;
		};
/* End PBXTargetDependency section */

/* Begin PBXVariantGroup section */
		0E4B3331197043F90066AB0A /* Main.storyboard */ = {
			isa = PBXVariantGroup;
			children = (
				0E4B3332197043F90066AB0A /* Base */,
			);
			name = Main.storyboard;
			sourceTree = "<group>";
		};
/* End PBXVariantGroup section */

/* Begin XCBuildConfiguration section */
		0E4B3342197043F90066AB0A /* Debug */ = {
			isa = XCBuildConfiguration;
			buildSettings = {
				ALWAYS_SEARCH_USER_PATHS = NO;
				CLANG_CXX_LANGUAGE_STANDARD = "gnu++0x";
				CLANG_CXX_LIBRARY = "libc++";
				CLANG_ENABLE_MODULES = YES;
				CLANG_ENABLE_OBJC_ARC = YES;
				CLANG_WARN_BOOL_CONVERSION = YES;
				CLANG_WARN_CONSTANT_CONVERSION = YES;
				CLANG_WARN_DIRECT_OBJC_ISA_USAGE = YES_ERROR;
				CLANG_WARN_EMPTY_BODY = YES;
				CLANG_WARN_ENUM_CONVERSION = YES;
				CLANG_WARN_INT_CONVERSION = YES;
				CLANG_WARN_OBJC_ROOT_CLASS = YES_ERROR;
				CLANG_WARN_UNREACHABLE_CODE = YES;
				CLANG_WARN__DUPLICATE_METHOD_MATCH = YES;
				"CODE_SIGN_IDENTITY[sdk=iphoneos*]" = "iPhone Developer";
				COPY_PHASE_STRIP = NO;
				ENABLE_STRICT_OBJC_MSGSEND = YES;
				GCC_C_LANGUAGE_STANDARD = gnu99;
				GCC_DYNAMIC_NO_PIC = NO;
				GCC_OPTIMIZATION_LEVEL = 0;
				GCC_PREPROCESSOR_DEFINITIONS = (
					"DEBUG=1",
					"$(inherited)",
				);
				GCC_SYMBOLS_PRIVATE_EXTERN = NO;
				GCC_WARN_64_TO_32_BIT_CONVERSION = YES;
				GCC_WARN_ABOUT_RETURN_TYPE = YES_ERROR;
				GCC_WARN_UNDECLARED_SELECTOR = YES;
				GCC_WARN_UNINITIALIZED_AUTOS = YES_AGGRESSIVE;
				GCC_WARN_UNUSED_FUNCTION = YES;
				GCC_WARN_UNUSED_VARIABLE = YES;
				IPHONEOS_DEPLOYMENT_TARGET = 8.0;
				METAL_ENABLE_DEBUG_INFO = YES;
				ONLY_ACTIVE_ARCH = YES;
				SDKROOT = iphoneos;
				SWIFT_OPTIMIZATION_LEVEL = "-Onone";
				TARGETED_DEVICE_FAMILY = "1,2";
			};
			name = Debug;
		};
		0E4B3343197043F90066AB0A /* Release */ = {
			isa = XCBuildConfiguration;
			buildSettings = {
				ALWAYS_SEARCH_USER_PATHS = NO;
				CLANG_CXX_LANGUAGE_STANDARD = "gnu++0x";
				CLANG_CXX_LIBRARY = "libc++";
				CLANG_ENABLE_MODULES = YES;
				CLANG_ENABLE_OBJC_ARC = YES;
				CLANG_WARN_BOOL_CONVERSION = YES;
				CLANG_WARN_CONSTANT_CONVERSION = YES;
				CLANG_WARN_DIRECT_OBJC_ISA_USAGE = YES_ERROR;
				CLANG_WARN_EMPTY_BODY = YES;
				CLANG_WARN_ENUM_CONVERSION = YES;
				CLANG_WARN_INT_CONVERSION = YES;
				CLANG_WARN_OBJC_ROOT_CLASS = YES_ERROR;
				CLANG_WARN_UNREACHABLE_CODE = YES;
				CLANG_WARN__DUPLICATE_METHOD_MATCH = YES;
				"CODE_SIGN_IDENTITY[sdk=iphoneos*]" = "iPhone Developer";
				COPY_PHASE_STRIP = YES;
				ENABLE_NS_ASSERTIONS = NO;
				ENABLE_STRICT_OBJC_MSGSEND = YES;
				GCC_C_LANGUAGE_STANDARD = gnu99;
				GCC_WARN_64_TO_32_BIT_CONVERSION = YES;
				GCC_WARN_ABOUT_RETURN_TYPE = YES_ERROR;
				GCC_WARN_UNDECLARED_SELECTOR = YES;
				GCC_WARN_UNINITIALIZED_AUTOS = YES_AGGRESSIVE;
				GCC_WARN_UNUSED_FUNCTION = YES;
				GCC_WARN_UNUSED_VARIABLE = YES;
				IPHONEOS_DEPLOYMENT_TARGET = 8.0;
				METAL_ENABLE_DEBUG_INFO = NO;
				SDKROOT = iphoneos;
				TARGETED_DEVICE_FAMILY = "1,2";
				VALIDATE_PRODUCT = YES;
			};
			name = Release;
		};
		0E4B3345197043F90066AB0A /* Debug */ = {
			isa = XCBuildConfiguration;
			buildSettings = {
				ASSETCATALOG_COMPILER_APPICON_NAME = AppIcon;
				ASSETCATALOG_COMPILER_LAUNCHIMAGE_NAME = LaunchImage;
				INFOPLIST_FILE = "Rock Box/Info.plist";
				IPHONEOS_DEPLOYMENT_TARGET = 7.0;
				LD_RUNPATH_SEARCH_PATHS = "$(inherited) @executable_path/Frameworks";
				PRODUCT_NAME = "$(TARGET_NAME)";
			};
			name = Debug;
		};
		0E4B3346197043F90066AB0A /* Release */ = {
			isa = XCBuildConfiguration;
			buildSettings = {
				ASSETCATALOG_COMPILER_APPICON_NAME = AppIcon;
				ASSETCATALOG_COMPILER_LAUNCHIMAGE_NAME = LaunchImage;
				INFOPLIST_FILE = "Rock Box/Info.plist";
				IPHONEOS_DEPLOYMENT_TARGET = 7.0;
				LD_RUNPATH_SEARCH_PATHS = "$(inherited) @executable_path/Frameworks";
				PRODUCT_NAME = "$(TARGET_NAME)";
			};
			name = Release;
		};
		0E4B3348197043F90066AB0A /* Debug */ = {
			isa = XCBuildConfiguration;
			buildSettings = {
				BUNDLE_LOADER = "$(BUILT_PRODUCTS_DIR)/Rock Box.app/Rock Box";
				FRAMEWORK_SEARCH_PATHS = (
					"$(SDKROOT)/Developer/Library/Frameworks",
					"$(inherited)",
				);
				GCC_PREPROCESSOR_DEFINITIONS = (
					"DEBUG=1",
					"$(inherited)",
				);
				INFOPLIST_FILE = "Rock BoxTests/Info.plist";
				LD_RUNPATH_SEARCH_PATHS = "$(inherited) @executable_path/Frameworks @loader_path/Frameworks";
				METAL_ENABLE_DEBUG_INFO = YES;
				PRODUCT_NAME = "$(TARGET_NAME)";
				TEST_HOST = "$(BUNDLE_LOADER)";
			};
			name = Debug;
		};
		0E4B3349197043F90066AB0A /* Release */ = {
			isa = XCBuildConfiguration;
			buildSettings = {
				BUNDLE_LOADER = "$(BUILT_PRODUCTS_DIR)/Rock Box.app/Rock Box";
				FRAMEWORK_SEARCH_PATHS = (
					"$(SDKROOT)/Developer/Library/Frameworks",
					"$(inherited)",
				);
				INFOPLIST_FILE = "Rock BoxTests/Info.plist";
				LD_RUNPATH_SEARCH_PATHS = "$(inherited) @executable_path/Frameworks @loader_path/Frameworks";
				METAL_ENABLE_DEBUG_INFO = NO;
				PRODUCT_NAME = "$(TARGET_NAME)";
				TEST_HOST = "$(BUNDLE_LOADER)";
			};
			name = Release;
		};
/* End XCBuildConfiguration section */

/* Begin XCConfigurationList section */
		0E4B3323197043F90066AB0A /* Build configuration list for PBXProject "Rock Box" */ = {
			isa = XCConfigurationList;
			buildConfigurations = (
				0E4B3342197043F90066AB0A /* Debug */,
				0E4B3343197043F90066AB0A /* Release */,
			);
			defaultConfigurationIsVisible = 0;
			defaultConfigurationName = Release;
		};
		0E4B3344197043F90066AB0A /* Build configuration list for PBXNativeTarget "Rock Box" */ = {
			isa = XCConfigurationList;
			buildConfigurations = (
				0E4B3345197043F90066AB0A /* Debug */,
				0E4B3346197043F90066AB0A /* Release */,
			);
			defaultConfigurationIsVisible = 0;
		};
		0E4B3347197043F90066AB0A /* Build configuration list for PBXNativeTarget "Rock BoxTests" */ = {
			isa = XCConfigurationList;
			buildConfigurations = (
				0E4B3348197043F90066AB0A /* Debug */,
				0E4B3349197043F90066AB0A /* Release */,
			);
			defaultConfigurationIsVisible = 0;
		};
/* End XCConfigurationList section */
	};
	rootObject = 0E4B3320197043F90066AB0A /* Project object */;
}
